
Microsoft Visual Studio Solution File, Format Version 12.00
# Visual Studio 15
VisualStudioVersion = 15.0.27428.2005
MinimumVisualStudioVersion = 10.0.40219.1
Project("{FAE04EC0-301F-11D3-BF4B-00C04F79EFBC}") = "challengeMasterclassMethods", "challengeMasterclassMethods\challengeMasterclassMethods.csproj", "{49A65CEB-F3FD-40F6-A405-5AB5F20A8471}"
EndProject
Global
	GlobalSection(SolutionConfigurationPlatforms) = preSolution
		Debug|Any CPU = Debug|Any CPU
		Release|Any CPU = Release|Any CPU
	EndGlobalSection
	GlobalSection(ProjectConfigurationPlatforms) = postSolution
		{49A65CEB-F3FD-40F6-A405-5AB5F20A8471}.Debug|Any CPU.ActiveCfg = Debug|Any CPU
		{49A65CEB-F3FD-40F6-A405-5AB5F20A8471}.Debug|Any CPU.Build.0 = Debug|Any CPU
		{49A65CEB-F3FD-40F6-A405-5AB5F20A8471}.Release|Any CPU.ActiveCfg = Release|Any CPU
		{49A65CEB-F3FD-40F6-A405-5AB5F20A8471}.Release|Any CPU.Build.0 = Release|Any CPU
	EndGlobalSection
	GlobalSection(SolutionProperties) = preSolution
		HideSolutionNode = FALSE
	EndGlobalSection
	GlobalSection(ExtensibilityGlobals) = postSolution
		SolutionGuid = {26456F6A-14A0-4691-9326-3F4E77008834}
	EndGlobalSection
EndGlobal
