
Microsoft Visual Studio Solution File, Format Version 12.00
# Visual Studio 15
VisualStudioVersion = 15.0.27428.2005
MinimumVisualStudioVersion = 10.0.40219.1
Project("{FAE04EC0-301F-11D3-BF4B-00C04F79EFBC}") = "Making_decisions(masterclass)", "Making_decisions(masterclass)\Making_decisions(masterclass).csproj", "{344815D0-E770-4F47-863E-992A0691BFA7}"
EndProject
Global
	GlobalSection(SolutionConfigurationPlatforms) = preSolution
		Debug|Any CPU = Debug|Any CPU
		Release|Any CPU = Release|Any CPU
	EndGlobalSection
	GlobalSection(ProjectConfigurationPlatforms) = postSolution
		{344815D0-E770-4F47-863E-992A0691BFA7}.Debug|Any CPU.ActiveCfg = Debug|Any CPU
		{344815D0-E770-4F47-863E-992A0691BFA7}.Debug|Any CPU.Build.0 = Debug|Any CPU
		{344815D0-E770-4F47-863E-992A0691BFA7}.Release|Any CPU.ActiveCfg = Release|Any CPU
		{344815D0-E770-4F47-863E-992A0691BFA7}.Release|Any CPU.Build.0 = Release|Any CPU
	EndGlobalSection
	GlobalSection(SolutionProperties) = preSolution
		HideSolutionNode = FALSE
	EndGlobalSection
	GlobalSection(ExtensibilityGlobals) = postSolution
		SolutionGuid = {25B5DB9B-0927-4574-998C-392A8E5984C6}
	EndGlobalSection
EndGlobal
