
Microsoft Visual Studio Solution File, Format Version 12.00
# Visual Studio 15
VisualStudioVersion = 15.0.27130.2003
MinimumVisualStudioVersion = 10.0.40219.1
Project("{FAE04EC0-301F-11D3-BF4B-00C04F79EFBC}") = "Simple_Calculator", "Simple_Calculator\Simple_Calculator.csproj", "{377012B7-36D5-4525-B942-B5303497303C}"
EndProject
Global
	GlobalSection(SolutionConfigurationPlatforms) = preSolution
		Debug|Any CPU = Debug|Any CPU
		Release|Any CPU = Release|Any CPU
	EndGlobalSection
	GlobalSection(ProjectConfigurationPlatforms) = postSolution
		{377012B7-36D5-4525-B942-B5303497303C}.Debug|Any CPU.ActiveCfg = Debug|Any CPU
		{377012B7-36D5-4525-B942-B5303497303C}.Debug|Any CPU.Build.0 = Debug|Any CPU
		{377012B7-36D5-4525-B942-B5303497303C}.Release|Any CPU.ActiveCfg = Release|Any CPU
		{377012B7-36D5-4525-B942-B5303497303C}.Release|Any CPU.Build.0 = Release|Any CPU
	EndGlobalSection
	GlobalSection(SolutionProperties) = preSolution
		HideSolutionNode = FALSE
	EndGlobalSection
	GlobalSection(ExtensibilityGlobals) = postSolution
		SolutionGuid = {52902DDA-2971-47CE-9409-0EDC71C288CC}
	EndGlobalSection
EndGlobal
